
Microsoft Visual Studio Solution File, Format Version 12.00
Project("{FAE04EC0-301F-11D3-BF4B-00C04F79EFBC}") = "Approximately21", "Approximately21\Approximately21.csproj", "{66C0D22E-4969-4B6D-A752-0A225F6152B0}"
EndProject
Project("{FAE04EC0-301F-11D3-BF4B-00C04F79EFBC}") = "Approximately21.Tests", "Approximately21.Tests\Approximately21.Tests.csproj", "{2CB309F2-8D53-4651-BE86-536E5B5E7891}"
EndProject
Global
	GlobalSection(SolutionConfigurationPlatforms) = preSolution
		Debug|Any CPU = Debug|Any CPU
		Release|Any CPU = Release|Any CPU
	EndGlobalSection
	GlobalSection(ProjectConfigurationPlatforms) = postSolution
		{66C0D22E-4969-4B6D-A752-0A225F6152B0}.Debug|Any CPU.ActiveCfg = Debug|Any CPU
		{66C0D22E-4969-4B6D-A752-0A225F6152B0}.Debug|Any CPU.Build.0 = Debug|Any CPU
		{66C0D22E-4969-4B6D-A752-0A225F6152B0}.Release|Any CPU.ActiveCfg = Release|Any CPU
		{66C0D22E-4969-4B6D-A752-0A225F6152B0}.Release|Any CPU.Build.0 = Release|Any CPU
		{2CB309F2-8D53-4651-BE86-536E5B5E7891}.Debug|Any CPU.ActiveCfg = Debug|Any CPU
		{2CB309F2-8D53-4651-BE86-536E5B5E7891}.Debug|Any CPU.Build.0 = Debug|Any CPU
		{2CB309F2-8D53-4651-BE86-536E5B5E7891}.Release|Any CPU.ActiveCfg = Release|Any CPU
		{2CB309F2-8D53-4651-BE86-536E5B5E7891}.Release|Any CPU.Build.0 = Release|Any CPU
	EndGlobalSection
EndGlobal
